{
  "originHash" : "5998a08c3d1acfa6322c50a6e470a3f63bf4b92d98749cb87db8aa76a301ee41",
  "pins" : [
    {
      "identity" : "capacitor-swift-pm",
      "kind" : "remoteSourceControl",
      "location" : "https://github.com/ionic-team/capacitor-swift-pm.git",
      "state" : {
        "revision" : "4f71d0b979f2f957326f04353eca7604ee937e1e",
        "version" : "8.5.0"
      }
    },
    {
      "identity" : "ion-ios-camera",
      "kind" : "remoteSourceControl",
      "location" : "https://github.com/ionic-team/ion-ios-camera.git",
      "state" : {
        "revision" : "9068b2cc9584bfa118c185b8032bbebb3a4a2174",
        "version" : "1.0.5"
      }
    },
    {
      "identity" : "purchases-hybrid-common",
      "kind" : "remoteSourceControl",
      "location" : "https://github.com/RevenueCat/purchases-hybrid-common.git",
      "state" : {
        "revision" : "643a7a3ca21a37470beb07143223207c2243c545",
        "version" : "18.4.0"
      }
    },
    {
      "identity" : "purchases-ios-spm",
      "kind" : "remoteSourceControl",
      "location" : "https://github.com/RevenueCat/purchases-ios-spm",
      "state" : {
        "revision" : "8f5f5e1b95506f89524cdbb70bcaf096a6f6fcc2",
        "version" : "5.70.0"
      }
    }
  ],
  "version" : 3
}
